// !$*UTF8*$!
{
	archiveVersion = 1;
	classes = {
	};
	objectVersion = 50;
	objects = {

/* Begin PBXBuildFile section */
		3D8CEFAF21529C950043FE19 /* AppDelegate.swift in Sources */ = {isa = PBXBuildFile; fileRef = 3D8CEFAE21529C950043FE19 /* AppDelegate.swift */; };
		3D8CEFB121529C950043FE19 /* ViewController.swift in Sources */ = {isa = PBXBuildFile; fileRef = 3D8CEFB021529C950043FE19 /* ViewController.swift */; };
		3D8CEFB421529C960043FE19 /* Main.storyboard in Resources */ = {isa = PBXBuildFile; fileRef = 3D8CEFB221529C960043FE19 /* Main.storyboard */; };
		3D8CEFB621529CA40043FE19 /* Assets.xcassets in Resources */ = {isa = PBXBuildFile; fileRef = 3D8CEFB521529CA40043FE19 /* Assets.xcassets */; };
		3D8CEFB921529CA40043FE19 /* LaunchScreen.storyboard in Resources */ = {isa = PBXBuildFile; fileRef = 3D8CEFB721529CA40043FE19 /* LaunchScreen.storyboard */; };
		3D8CEFC421529CA50043FE19 /* NavegacionTableViewTests.swift in Sources */ = {isa = PBXBuildFile; fileRef = 3D8CEFC321529CA50043FE19 /* NavegacionTableViewTests.swift */; };
		3D8CEFCF21529CA50043FE19 /* NavegacionTableViewUITests.swift in Sources */ = {isa = PBXBuildFile; fileRef = 3D8CEFCE21529CA50043FE19 /* NavegacionTableViewUITests.swift */; };
		3D8CEFE02152A6290043FE19 /* Materia.swift in Sources */ = {isa = PBXBuildFile; fileRef = 3D8CEFDF2152A6290043FE19 /* Materia.swift */; };
		3D8CEFE22152AC5C0043FE19 /* CeldaMateria.swift in Sources */ = {isa = PBXBuildFile; fileRef = 3D8CEFE12152AC5C0043FE19 /* CeldaMateria.swift */; };
		3DC1784821542B1000942D35 /* DetalleMateriaController.swift in Sources */ = {isa = PBXBuildFile; fileRef = 3DC1784721542B1000942D35 /* DetalleMateriaController.swift */; };
/* End PBXBuildFile section */

/* Begin PBXContainerItemProxy section */
		3D8CEFC021529CA50043FE19 /* PBXContainerItemProxy */ = {
			isa = PBXContainerItemProxy;
			containerPortal = 3D8CEFA321529C950043FE19 /* Project object */;
			proxyType = 1;
			remoteGlobalIDString = 3D8CEFAA21529C950043FE19;
			remoteInfo = NavegacionTableView;
		};
		3D8CEFCB21529CA50043FE19 /* PBXContainerItemProxy */ = {
			isa = PBXContainerItemProxy;
			containerPortal = 3D8CEFA321529C950043FE19 /* Project object */;
			proxyType = 1;
			remoteGlobalIDString = 3D8CEFAA21529C950043FE19;
			remoteInfo = NavegacionTableView;
		};
/* End PBXContainerItemProxy section */

/* Begin PBXFileReference section */
		3D8CEFAB21529C950043FE19 /* NavegacionTableView.app */ = {isa = PBXFileReference; explicitFileType = wrapper.application; includeInIndex = 0; path = NavegacionTableView.app; sourceTree = BUILT_PRODUCTS_DIR; };
		3D8CEFAE21529C950043FE19 /* AppDelegate.swift */ = {isa = PBXFileReference; lastKnownFileType = sourcecode.swift; path = AppDelegate.swift; sourceTree = "<group>"; };
		3D8CEFB021529C950043FE19 /* ViewController.swift */ = {isa = PBXFileReference; lastKnownFileType = sourcecode.swift; path = ViewController.swift; sourceTree = "<group>"; };
		3D8CEFB321529C960043FE19 /* Base */ = {isa = PBXFileReference; lastKnownFileType = file.storyboard; name = Base; path = Base.lproj/Main.storyboard; sourceTree = "<group>"; };
		3D8CEFB521529CA40043FE19 /* Assets.xcassets */ = {isa = PBXFileReference; lastKnownFileType = folder.assetcatalog; path = Assets.xcassets; sourceTree = "<group>"; };
		3D8CEFB821529CA40043FE19 /* Base */ = {isa = PBXFileReference; lastKnownFileType = file.storyboard; name = Base; path = Base.lproj/LaunchScreen.storyboard; sourceTree = "<group>"; };
		3D8CEFBA21529CA40043FE19 /* Info.plist */ = {isa = PBXFileReference; lastKnownFileType = text.plist.xml; path = Info.plist; sourceTree = "<group>"; };
		3D8CEFBF21529CA50043FE19 /* NavegacionTableViewTests.xctest */ = {isa = PBXFileReference; explicitFileType = wrapper.cfbundle; includeInIndex = 0; path = NavegacionTableViewTests.xctest; sourceTree = BUILT_PRODUCTS_DIR; };
		3D8CEFC321529CA50043FE19 /* NavegacionTableViewTests.swift */ = {isa = PBXFileReference; lastKnownFileType = sourcecode.swift; path = NavegacionTableViewTests.swift; sourceTree = "<group>"; };
		3D8CEFC521529CA50043FE19 /* Info.plist */ = {isa = PBXFileReference; lastKnownFileType = text.plist.xml; path = Info.plist; sourceTree = "<group>"; };
		3D8CEFCA21529CA50043FE19 /* NavegacionTableViewUITests.xctest */ = {isa = PBXFileReference; explicitFileType = wrapper.cfbundle; includeInIndex = 0; path = NavegacionTableViewUITests.xctest; sourceTree = BUILT_PRODUCTS_DIR; };
		3D8CEFCE21529CA50043FE19 /* NavegacionTableViewUITests.swift */ = {isa = PBXFileReference; lastKnownFileType = sourcecode.swift; path = NavegacionTableViewUITests.swift; sourceTree = "<group>"; };
		3D8CEFD021529CA50043FE19 /* Info.plist */ = {isa = PBXFileReference; lastKnownFileType = text.plist.xml; path = Info.plist; sourceTree = "<group>"; };
		3D8CEFDF2152A6290043FE19 /* Materia.swift */ = {isa = PBXFileReference; lastKnownFileType = sourcecode.swift; path = Materia.swift; sourceTree = "<group>"; };
		3D8CEFE12152AC5C0043FE19 /* CeldaMateria.swift */ = {isa = PBXFileReference; lastKnownFileType = sourcecode.swift; path = CeldaMateria.swift; sourceTree = "<group>"; };
		3DC1784721542B1000942D35 /* DetalleMateriaController.swift */ = {isa = PBXFileReference; lastKnownFileType = sourcecode.swift; path = DetalleMateriaController.swift; sourceTree = "<group>"; };
/* End PBXFileReference section */

/* Begin PBXFrameworksBuildPhase section */
		3D8CEFA821529C950043FE19 /* Frameworks */ = {
			isa = PBXFrameworksBuildPhase;
			buildActionMask = 2147483647;
			files = (
			);
			runOnlyForDeploymentPostprocessing = 0;
		};
		3D8CEFBC21529CA50043FE19 /* Frameworks */ = {
			isa = PBXFrameworksBuildPhase;
			buildActionMask = 2147483647;
			files = (
			);
			runOnlyForDeploymentPostprocessing = 0;
		};
		3D8CEFC721529CA50043FE19 /* Frameworks */ = {
			isa = PBXFrameworksBuildPhase;
			buildActionMask = 2147483647;
			files = (
			);
			runOnlyForDeploymentPostprocessing = 0;
		};
/* End PBXFrameworksBuildPhase section */

/* Begin PBXGroup section */
		3D8CEFA221529C950043FE19 = {
			isa = PBXGroup;
			children = (
				3D8CEFAD21529C950043FE19 /* NavegacionTableView */,
				3D8CEFC221529CA50043FE19 /* NavegacionTableViewTests */,
				3D8CEFCD21529CA50043FE19 /* NavegacionTableViewUITests */,
				3D8CEFAC21529C950043FE19 /* Products */,
			);
			sourceTree = "<group>";
		};
		3D8CEFAC21529C950043FE19 /* Products */ = {
			isa = PBXGroup;
			children = (
				3D8CEFAB21529C950043FE19 /* NavegacionTableView.app */,
				3D8CEFBF21529CA50043FE19 /* NavegacionTableViewTests.xctest */,
				3D8CEFCA21529CA50043FE19 /* NavegacionTableViewUITests.xctest */,
			);
			name = Products;
			sourceTree = "<group>";
		};
		3D8CEFAD21529C950043FE19 /* NavegacionTableView */ = {
			isa = PBXGroup;
			children = (
				3D8CEFDE2152A4D50043FE19 /* ViewControllers */,
				3D8CEFDD2152A4CD0043FE19 /* Views */,
				3D8CEFDC2152A4B40043FE19 /* Models */,
				3D8CEFAE21529C950043FE19 /* AppDelegate.swift */,
				3D8CEFB521529CA40043FE19 /* Assets.xcassets */,
				3D8CEFBA21529CA40043FE19 /* Info.plist */,
			);
			path = NavegacionTableView;
			sourceTree = "<group>";
		};
		3D8CEFC221529CA50043FE19 /* NavegacionTableViewTests */ = {
			isa = PBXGroup;
			children = (
				3D8CEFC321529CA50043FE19 /* NavegacionTableViewTests.swift */,
				3D8CEFC521529CA50043FE19 /* Info.plist */,
			);
			path = NavegacionTableViewTests;
			sourceTree = "<group>";
		};
		3D8CEFCD21529CA50043FE19 /* NavegacionTableViewUITests */ = {
			isa = PBXGroup;
			children = (
				3D8CEFCE21529CA50043FE19 /* NavegacionTableViewUITests.swift */,
				3D8CEFD021529CA50043FE19 /* Info.plist */,
			);
			path = NavegacionTableViewUITests;
			sourceTree = "<group>";
		};
		3D8CEFDC2152A4B40043FE19 /* Models */ = {
			isa = PBXGroup;
			children = (
				3D8CEFDF2152A6290043FE19 /* Materia.swift */,
			);
			path = Models;
			sourceTree = "<group>";
		};
		3D8CEFDD2152A4CD0043FE19 /* Views */ = {
			isa = PBXGroup;
			children = (
				3D8CEFB221529C960043FE19 /* Main.storyboard */,
				3D8CEFB721529CA40043FE19 /* LaunchScreen.storyboard */,
			);
			path = Views;
			sourceTree = "<group>";
		};
		3D8CEFDE2152A4D50043FE19 /* ViewControllers */ = {
			isa = PBXGroup;
			children = (
				3D8CEFB021529C950043FE19 /* ViewController.swift */,
				3D8CEFE12152AC5C0043FE19 /* CeldaMateria.swift */,
				3DC1784721542B1000942D35 /* DetalleMateriaController.swift */,
			);
			path = ViewControllers;
			sourceTree = "<group>";
		};
/* End PBXGroup section */

/* Begin PBXNativeTarget section */
		3D8CEFAA21529C950043FE19 /* NavegacionTableView */ = {
			isa = PBXNativeTarget;
			buildConfigurationList = 3D8CEFD321529CA50043FE19 /* Build configuration list for PBXNativeTarget "NavegacionTableView" */;
			buildPhases = (
				3D8CEFA721529C950043FE19 /* Sources */,
				3D8CEFA821529C950043FE19 /* Frameworks */,
				3D8CEFA921529C950043FE19 /* Resources */,
			);
			buildRules = (
			);
			dependencies = (
			);
			name = NavegacionTableView;
			productName = NavegacionTableView;
			productReference = 3D8CEFAB21529C950043FE19 /* NavegacionTableView.app */;
			productType = "com.apple.product-type.application";
		};
		3D8CEFBE21529CA50043FE19 /* NavegacionTableViewTests */ = {
			isa = PBXNativeTarget;
			buildConfigurationList = 3D8CEFD621529CA50043FE19 /* Build configuration list for PBXNativeTarget "NavegacionTableViewTests" */;
			buildPhases = (
				3D8CEFBB21529CA50043FE19 /* Sources */,
				3D8CEFBC21529CA50043FE19 /* Frameworks */,
				3D8CEFBD21529CA50043FE19 /* Resources */,
			);
			buildRules = (
			);
			dependencies = (
				3D8CEFC121529CA50043FE19 /* PBXTargetDependency */,
			);
			name = NavegacionTableViewTests;
			productName = NavegacionTableViewTests;
			productReference = 3D8CEFBF21529CA50043FE19 /* NavegacionTableViewTests.xctest */;
			productType = "com.apple.product-type.bundle.unit-test";
		};
		3D8CEFC921529CA50043FE19 /* NavegacionTableViewUITests */ = {
			isa = PBXNativeTarget;
			buildConfigurationList = 3D8CEFD921529CA50043FE19 /* Build configuration list for PBXNativeTarget "NavegacionTableViewUITests" */;
			buildPhases = (
				3D8CEFC621529CA50043FE19 /* Sources */,
				3D8CEFC721529CA50043FE19 /* Frameworks */,
				3D8CEFC821529CA50043FE19 /* Resources */,
			);
			buildRules = (
			);
			dependencies = (
				3D8CEFCC21529CA50043FE19 /* PBXTargetDependency */,
			);
			name = NavegacionTableViewUITests;
			productName = NavegacionTableViewUITests;
			productReference = 3D8CEFCA21529CA50043FE19 /* NavegacionTableViewUITests.xctest */;
			productType = "com.apple.product-type.bundle.ui-testing";
		};
/* End PBXNativeTarget section */

/* Begin PBXProject section */
		3D8CEFA321529C950043FE19 /* Project object */ = {
			isa = PBXProject;
			attributes = {
				LastSwiftUpdateCheck = 0940;
				LastUpgradeCheck = 0940;
				ORGANIZATIONNAME = Alumno;
				TargetAttributes = {
					3D8CEFAA21529C950043FE19 = {
						CreatedOnToolsVersion = 9.4.1;
					};
					3D8CEFBE21529CA50043FE19 = {
						CreatedOnToolsVersion = 9.4.1;
						TestTargetID = 3D8CEFAA21529C950043FE19;
					};
					3D8CEFC921529CA50043FE19 = {
						CreatedOnToolsVersion = 9.4.1;
						TestTargetID = 3D8CEFAA21529C950043FE19;
					};
				};
			};
			buildConfigurationList = 3D8CEFA621529C950043FE19 /* Build configuration list for PBXProject "NavegacionTableView" */;
			compatibilityVersion = "Xcode 9.3";
			developmentRegion = en;
			hasScannedForEncodings = 0;
			knownRegions = (
				en,
				Base,
			);
			mainGroup = 3D8CEFA221529C950043FE19;
			productRefGroup = 3D8CEFAC21529C950043FE19 /* Products */;
			projectDirPath = "";
			projectRoot = "";
			targets = (
				3D8CEFAA21529C950043FE19 /* NavegacionTableView */,
				3D8CEFBE21529CA50043FE19 /* NavegacionTableViewTests */,
				3D8CEFC921529CA50043FE19 /* NavegacionTableViewUITests */,
			);
		};
/* End PBXProject section */

/* Begin PBXResourcesBuildPhase section */
		3D8CEFA921529C950043FE19 /* Resources */ = {
			isa = PBXResourcesBuildPhase;
			buildActionMask = 2147483647;
			files = (
				3D8CEFB921529CA40043FE19 /* LaunchScreen.storyboard in Resources */,
				3D8CEFB621529CA40043FE19 /* Assets.xcassets in Resources */,
				3D8CEFB421529C960043FE19 /* Main.storyboard in Resources */,
			);
			runOnlyForDeploymentPostprocessing = 0;
		};
		3D8CEFBD21529CA50043FE19 /* Resources */ = {
			isa = PBXResourcesBuildPhase;
			buildActionMask = 2147483647;
			files = (
			);
			runOnlyForDeploymentPostprocessing = 0;
		};
		3D8CEFC821529CA50043FE19 /* Resources */ = {
			isa = PBXResourcesBuildPhase;
			buildActionMask = 2147483647;
			files = (
			);
			runOnlyForDeploymentPostprocessing = 0;
		};
/* End PBXResourcesBuildPhase section */

/* Begin PBXSourcesBuildPhase section */
		3D8CEFA721529C950043FE19 /* Sources */ = {
			isa = PBXSourcesBuildPhase;
			buildActionMask = 2147483647;
			files = (
				3D8CEFB121529C950043FE19 /* ViewController.swift in Sources */,
				3D8CEFE22152AC5C0043FE19 /* CeldaMateria.swift in Sources */,
				3DC1784821542B1000942D35 /* DetalleMateriaController.swift in Sources */,
				3D8CEFAF21529C950043FE19 /* AppDelegate.swift in Sources */,
				3D8CEFE02152A6290043FE19 /* Materia.swift in Sources */,
			);
			runOnlyForDeploymentPostprocessing = 0;
		};
		3D8CEFBB21529CA50043FE19 /* Sources */ = {
			isa = PBXSourcesBuildPhase;
			buildActionMask = 2147483647;
			files = (
				3D8CEFC421529CA50043FE19 /* NavegacionTableViewTests.swift in Sources */,
			);
			runOnlyForDeploymentPostprocessing = 0;
		};
		3D8CEFC621529CA50043FE19 /* Sources */ = {
			isa = PBXSourcesBuildPhase;
			buildActionMask = 2147483647;
			files = (
				3D8CEFCF21529CA50043FE19 /* NavegacionTableViewUITests.swift in Sources */,
			);
			runOnlyForDeploymentPostprocessing = 0;
		};
/* End PBXSourcesBuildPhase section */

/* Begin PBXTargetDependency section */
		3D8CEFC121529CA50043FE19 /* PBXTargetDependency */ = {
			isa = PBXTargetDependency;
			target = 3D8CEFAA21529C950043FE19 /* NavegacionTableView */;
			targetProxy = 3D8CEFC021529CA50043FE19 /* PBXContainerItemProxy */;
		};
		3D8CEFCC21529CA50043FE19 /* PBXTargetDependency */ = {
			isa = PBXTargetDependency;
			target = 3D8CEFAA21529C950043FE19 /* NavegacionTableView */;
			targetProxy = 3D8CEFCB21529CA50043FE19 /* PBXContainerItemProxy */;
		};
/* End PBXTargetDependency section */

/* Begin PBXVariantGroup section */
		3D8CEFB221529C960043FE19 /* Main.storyboard */ = {
			isa = PBXVariantGroup;
			children = (
				3D8CEFB321529C960043FE19 /* Base */,
			);
			name = Main.storyboard;
			sourceTree = "<group>";
		};
		3D8CEFB721529CA40043FE19 /* LaunchScreen.storyboard */ = {
			isa = PBXVariantGroup;
			children = (
				3D8CEFB821529CA40043FE19 /* Base */,
			);
			name = LaunchScreen.storyboard;
			sourceTree = "<group>";
		};
/* End PBXVariantGroup section */

/* Begin XCBuildConfiguration section */
		3D8CEFD121529CA50043FE19 /* Debug */ = {
			isa = XCBuildConfiguration;
			buildSettings = {
				ALWAYS_SEARCH_USER_PATHS = NO;
				CLANG_ANALYZER_NONNULL = YES;
				CLANG_ANALYZER_NUMBER_OBJECT_CONVERSION = YES_AGGRESSIVE;
				CLANG_CXX_LANGUAGE_STANDARD = "gnu++14";
				CLANG_CXX_LIBRARY = "libc++";
				CLANG_ENABLE_MODULES = YES;
				CLANG_ENABLE_OBJC_ARC = YES;
				CLANG_ENABLE_OBJC_WEAK = YES;
				CLANG_WARN_BLOCK_CAPTURE_AUTORELEASING = YES;
				CLANG_WARN_BOOL_CONVERSION = YES;
				CLANG_WARN_COMMA = YES;
				CLANG_WARN_CONSTANT_CONVERSION = YES;
				CLANG_WARN_DEPRECATED_OBJC_IMPLEMENTATIONS = YES;
				CLANG_WARN_DIRECT_OBJC_ISA_USAGE = YES_ERROR;
				CLANG_WARN_DOCUMENTATION_COMMENTS = YES;
				CLANG_WARN_EMPTY_BODY = YES;
				CLANG_WARN_ENUM_CONVERSION = YES;
				CLANG_WARN_INFINITE_RECURSION = YES;
				CLANG_WARN_INT_CONVERSION = YES;
				CLANG_WARN_NON_LITERAL_NULL_CONVERSION = YES;
				CLANG_WARN_OBJC_IMPLICIT_RETAIN_SELF = YES;
				CLANG_WARN_OBJC_LITERAL_CONVERSION = YES;
				CLANG_WARN_OBJC_ROOT_CLASS = YES_ERROR;
				CLANG_WARN_RANGE_LOOP_ANALYSIS = YES;
				CLANG_WARN_STRICT_PROTOTYPES = YES;
				CLANG_WARN_SUSPICIOUS_MOVE = YES;
				CLANG_WARN_UNGUARDED_AVAILABILITY = YES_AGGRESSIVE;
				CLANG_WARN_UNREACHABLE_CODE = YES;
				CLANG_WARN__DUPLICATE_METHOD_MATCH = YES;
				CODE_SIGN_IDENTITY = "iPhone Developer";
				COPY_PHASE_STRIP = NO;
				DEBUG_INFORMATION_FORMAT = dwarf;
				ENABLE_STRICT_OBJC_MSGSEND = YES;
				ENABLE_TESTABILITY = YES;
				GCC_C_LANGUAGE_STANDARD = gnu11;
				GCC_DYNAMIC_NO_PIC = NO;
				GCC_NO_COMMON_BLOCKS = YES;
				GCC_OPTIMIZATION_LEVEL = 0;
				GCC_PREPROCESSOR_DEFINITIONS = (
					"DEBUG=1",
					"$(inherited)",
				);
				GCC_WARN_64_TO_32_BIT_CONVERSION = YES;
				GCC_WARN_ABOUT_RETURN_TYPE = YES_ERROR;
				GCC_WARN_UNDECLARED_SELECTOR = YES;
				GCC_WARN_UNINITIALIZED_AUTOS = YES_AGGRESSIVE;
				GCC_WARN_UNUSED_FUNCTION = YES;
				GCC_WARN_UNUSED_VARIABLE = YES;
				IPHONEOS_DEPLOYMENT_TARGET = 11.4;
				MTL_ENABLE_DEBUG_INFO = YES;
				ONLY_ACTIVE_ARCH = YES;
				SDKROOT = iphoneos;
				SWIFT_ACTIVE_COMPILATION_CONDITIONS = DEBUG;
				SWIFT_OPTIMIZATION_LEVEL = "-Onone";
			};
			name = Debug;
		};
		3D8CEFD221529CA50043FE19 /* Release */ = {
			isa = XCBuildConfiguration;
			buildSettings = {
				ALWAYS_SEARCH_USER_PATHS = NO;
				CLANG_ANALYZER_NONNULL = YES;
				CLANG_ANALYZER_NUMBER_OBJECT_CONVERSION = YES_AGGRESSIVE;
				CLANG_CXX_LANGUAGE_STANDARD = "gnu++14";
				CLANG_CXX_LIBRARY = "libc++";
				CLANG_ENABLE_MODULES = YES;
				CLANG_ENABLE_OBJC_ARC = YES;
				CLANG_ENABLE_OBJC_WEAK = YES;
				CLANG_WARN_BLOCK_CAPTURE_AUTORELEASING = YES;
				CLANG_WARN_BOOL_CONVERSION = YES;
				CLANG_WARN_COMMA = YES;
				CLANG_WARN_CONSTANT_CONVERSION = YES;
				CLANG_WARN_DEPRECATED_OBJC_IMPLEMENTATIONS = YES;
				CLANG_WARN_DIRECT_OBJC_ISA_USAGE = YES_ERROR;
				CLANG_WARN_DOCUMENTATION_COMMENTS = YES;
				CLANG_WARN_EMPTY_BODY = YES;
				CLANG_WARN_ENUM_CONVERSION = YES;
				CLANG_WARN_INFINITE_RECURSION = YES;
				CLANG_WARN_INT_CONVERSION = YES;
				CLANG_WARN_NON_LITERAL_NULL_CONVERSION = YES;
				CLANG_WARN_OBJC_IMPLICIT_RETAIN_SELF = YES;
				CLANG_WARN_OBJC_LITERAL_CONVERSION = YES;
				CLANG_WARN_OBJC_ROOT_CLASS = YES_ERROR;
				CLANG_WARN_RANGE_LOOP_ANALYSIS = YES;
				CLANG_WARN_STRICT_PROTOTYPES = YES;
				CLANG_WARN_SUSPICIOUS_MOVE = YES;
				CLANG_WARN_UNGUARDED_AVAILABILITY = YES_AGGRESSIVE;
				CLANG_WARN_UNREACHABLE_CODE = YES;
				CLANG_WARN__DUPLICATE_METHOD_MATCH = YES;
				CODE_SIGN_IDENTITY = "iPhone Developer";
				COPY_PHASE_STRIP = NO;
				DEBUG_INFORMATION_FORMAT = "dwarf-with-dsym";
				ENABLE_NS_ASSERTIONS = NO;
				ENABLE_STRICT_OBJC_MSGSEND = YES;
				GCC_C_LANGUAGE_STANDARD = gnu11;
				GCC_NO_COMMON_BLOCKS = YES;
				GCC_WARN_64_TO_32_BIT_CONVERSION = YES;
				GCC_WARN_ABOUT_RETURN_TYPE = YES_ERROR;
				GCC_WARN_UNDECLARED_SELECTOR = YES;
				GCC_WARN_UNINITIALIZED_AUTOS = YES_AGGRESSIVE;
				GCC_WARN_UNUSED_FUNCTION = YES;
				GCC_WARN_UNUSED_VARIABLE = YES;
				IPHONEOS_DEPLOYMENT_TARGET = 11.4;
				MTL_ENABLE_DEBUG_INFO = NO;
				SDKROOT = iphoneos;
				SWIFT_COMPILATION_MODE = wholemodule;
				SWIFT_OPTIMIZATION_LEVEL = "-O";
				VALIDATE_PRODUCT = YES;
			};
			name = Release;
		};
		3D8CEFD421529CA50043FE19 /* Debug */ = {
			isa = XCBuildConfiguration;
			buildSettings = {
				ASSETCATALOG_COMPILER_APPICON_NAME = AppIcon;
				CODE_SIGN_STYLE = Automatic;
				INFOPLIST_FILE = NavegacionTableView/Info.plist;
				LD_RUNPATH_SEARCH_PATHS = (
					"$(inherited)",
					"@executable_path/Frameworks",
				);
				PRODUCT_BUNDLE_IDENTIFIER = edu.ulsa.NavegacionTableView;
				PRODUCT_NAME = "$(TARGET_NAME)";
				SWIFT_VERSION = 4.0;
				TARGETED_DEVICE_FAMILY = "1,2";
			};
			name = Debug;
		};
		3D8CEFD521529CA50043FE19 /* Release */ = {
			isa = XCBuildConfiguration;
			buildSettings = {
				ASSETCATALOG_COMPILER_APPICON_NAME = AppIcon;
				CODE_SIGN_STYLE = Automatic;
				INFOPLIST_FILE = NavegacionTableView/Info.plist;
				LD_RUNPATH_SEARCH_PATHS = (
					"$(inherited)",
					"@executable_path/Frameworks",
				);
				PRODUCT_BUNDLE_IDENTIFIER = edu.ulsa.NavegacionTableView;
				PRODUCT_NAME = "$(TARGET_NAME)";
				SWIFT_VERSION = 4.0;
				TARGETED_DEVICE_FAMILY = "1,2";
			};
			name = Release;
		};
		3D8CEFD721529CA50043FE19 /* Debug */ = {
			isa = XCBuildConfiguration;
			buildSettings = {
				ALWAYS_EMBED_SWIFT_STANDARD_LIBRARIES = YES;
				BUNDLE_LOADER = "$(TEST_HOST)";
				CODE_SIGN_STYLE = Automatic;
				INFOPLIST_FILE = NavegacionTableViewTests/Info.plist;
				LD_RUNPATH_SEARCH_PATHS = (
					"$(inherited)",
					"@executable_path/Frameworks",
					"@loader_path/Frameworks",
				);
				PRODUCT_BUNDLE_IDENTIFIER = edu.ulsa.NavegacionTableViewTests;
				PRODUCT_NAME = "$(TARGET_NAME)";
				SWIFT_VERSION = 4.0;
				TARGETED_DEVICE_FAMILY = "1,2";
				TEST_HOST = "$(BUILT_PRODUCTS_DIR)/NavegacionTableView.app/NavegacionTableView";
			};
			name = Debug;
		};
		3D8CEFD821529CA50043FE19 /* Release */ = {
			isa = XCBuildConfiguration;
			buildSettings = {
				ALWAYS_EMBED_SWIFT_STANDARD_LIBRARIES = YES;
				BUNDLE_LOADER = "$(TEST_HOST)";
				CODE_SIGN_STYLE = Automatic;
				INFOPLIST_FILE = NavegacionTableViewTests/Info.plist;
				LD_RUNPATH_SEARCH_PATHS = (
					"$(inherited)",
					"@executable_path/Frameworks",
					"@loader_path/Frameworks",
				);
				PRODUCT_BUNDLE_IDENTIFIER = edu.ulsa.NavegacionTableViewTests;
				PRODUCT_NAME = "$(TARGET_NAME)";
				SWIFT_VERSION = 4.0;
				TARGETED_DEVICE_FAMILY = "1,2";
				TEST_HOST = "$(BUILT_PRODUCTS_DIR)/NavegacionTableView.app/NavegacionTableView";
			};
			name = Release;
		};
		3D8CEFDA21529CA50043FE19 /* Debug */ = {
			isa = XCBuildConfiguration;
			buildSettings = {
				ALWAYS_EMBED_SWIFT_STANDARD_LIBRARIES = YES;
				CODE_SIGN_STYLE = Automatic;
				INFOPLIST_FILE = NavegacionTableViewUITests/Info.plist;
				LD_RUNPATH_SEARCH_PATHS = (
					"$(inherited)",
					"@executable_path/Frameworks",
					"@loader_path/Frameworks",
				);
				PRODUCT_BUNDLE_IDENTIFIER = edu.ulsa.NavegacionTableViewUITests;
				PRODUCT_NAME = "$(TARGET_NAME)";
				SWIFT_VERSION = 4.0;
				TARGETED_DEVICE_FAMILY = "1,2";
				TEST_TARGET_NAME = NavegacionTableView;
			};
			name = Debug;
		};
		3D8CEFDB21529CA50043FE19 /* Release */ = {
			isa = XCBuildConfiguration;
			buildSettings = {
				ALWAYS_EMBED_SWIFT_STANDARD_LIBRARIES = YES;
				CODE_SIGN_STYLE = Automatic;
				INFOPLIST_FILE = NavegacionTableViewUITests/Info.plist;
				LD_RUNPATH_SEARCH_PATHS = (
					"$(inherited)",
					"@executable_path/Frameworks",
					"@loader_path/Frameworks",
				);
				PRODUCT_BUNDLE_IDENTIFIER = edu.ulsa.NavegacionTableViewUITests;
				PRODUCT_NAME = "$(TARGET_NAME)";
				SWIFT_VERSION = 4.0;
				TARGETED_DEVICE_FAMILY = "1,2";
				TEST_TARGET_NAME = NavegacionTableView;
			};
			name = Release;
		};
/* End XCBuildConfiguration section */

/* Begin XCConfigurationList section */
		3D8CEFA621529C950043FE19 /* Build configuration list for PBXProject "NavegacionTableView" */ = {
			isa = XCConfigurationList;
			buildConfigurations = (
				3D8CEFD121529CA50043FE19 /* Debug */,
				3D8CEFD221529CA50043FE19 /* Release */,
			);
			defaultConfigurationIsVisible = 0;
			defaultConfigurationName = Release;
		};
		3D8CEFD321529CA50043FE19 /* Build configuration list for PBXNativeTarget "NavegacionTableView" */ = {
			isa = XCConfigurationList;
			buildConfigurations = (
				3D8CEFD421529CA50043FE19 /* Debug */,
				3D8CEFD521529CA50043FE19 /* Release */,
			);
			defaultConfigurationIsVisible = 0;
			defaultConfigurationName = Release;
		};
		3D8CEFD621529CA50043FE19 /* Build configuration list for PBXNativeTarget "NavegacionTableViewTests" */ = {
			isa = XCConfigurationList;
			buildConfigurations = (
				3D8CEFD721529CA50043FE19 /* Debug */,
				3D8CEFD821529CA50043FE19 /* Release */,
			);
			defaultConfigurationIsVisible = 0;
			defaultConfigurationName = Release;
		};
		3D8CEFD921529CA50043FE19 /* Build configuration list for PBXNativeTarget "NavegacionTableViewUITests" */ = {
			isa = XCConfigurationList;
			buildConfigurations = (
				3D8CEFDA21529CA50043FE19 /* Debug */,
				3D8CEFDB21529CA50043FE19 /* Release */,
			);
			defaultConfigurationIsVisible = 0;
			defaultConfigurationName = Release;
		};
/* End XCConfigurationList section */
	};
	rootObject = 3D8CEFA321529C950043FE19 /* Project object */;
}
